// !$*UTF8*$!
{
	archiveVersion = 1;
	classes = {
	};
	objectVersion = 42;
	objects = {

/* Begin PBXBuildFile section */
		05305C480BDD76E400578444 /* Cylinder.c in Sources */ = {isa = PBXBuildFile; fileRef = 05305C3B0BDD76E400578444 /* Cylinder.c */; };
		05305C490BDD76E400578444 /* ResolutionSmearing.c in Sources */ = {isa = PBXBuildFile; fileRef = 05305C3D0BDD76E400578444 /* ResolutionSmearing.c */; };
		05305C4A0BDD76E400578444 /* SANSAnalysis.c in Sources */ = {isa = PBXBuildFile; fileRef = 05305C3F0BDD76E400578444 /* SANSAnalysis.c */; };
		05305C4B0BDD76E400578444 /* SANSAnalysis.r in Rez */ = {isa = PBXBuildFile; fileRef = 05305C410BDD76E400578444 /* SANSAnalysis.r */; };
		05305C4C0BDD76E400578444 /* Sphere.c in Sources */ = {isa = PBXBuildFile; fileRef = 05305C420BDD76E400578444 /* Sphere.c */; };
		05305C4D0BDD76E400578444 /* StructureFactor.c in Sources */ = {isa = PBXBuildFile; fileRef = 05305C440BDD76E400578444 /* StructureFactor.c */; };
		05305C4E0BDD76E400578444 /* TwoPhase.c in Sources */ = {isa = PBXBuildFile; fileRef = 05305C460BDD76E400578444 /* TwoPhase.c */; };
		05305C850BDD79F500578444 /* libCylinder.c in Sources */ = {isa = PBXBuildFile; fileRef = 05305C7D0BDD79F500578444 /* libCylinder.c */; };
		05305C860BDD79F500578444 /* libCylinder.h in Headers */ = {isa = PBXBuildFile; fileRef = 05305C7E0BDD79F500578444 /* libCylinder.h */; };
		05305C870BDD79F500578444 /* libSphere.c in Sources */ = {isa = PBXBuildFile; fileRef = 05305C7F0BDD79F500578444 /* libSphere.c */; };
		05305C880BDD79F500578444 /* libSphere.h in Headers */ = {isa = PBXBuildFile; fileRef = 05305C800BDD79F500578444 /* libSphere.h */; };
		05305C890BDD79F500578444 /* libStructureFactor.c in Sources */ = {isa = PBXBuildFile; fileRef = 05305C810BDD79F500578444 /* libStructureFactor.c */; };
		05305C8A0BDD79F500578444 /* libStructureFactor.h in Headers */ = {isa = PBXBuildFile; fileRef = 05305C820BDD79F500578444 /* libStructureFactor.h */; };
		05305C8B0BDD79F500578444 /* libTwoPhase.c in Sources */ = {isa = PBXBuildFile; fileRef = 05305C830BDD79F500578444 /* libTwoPhase.c */; };
		05305C8C0BDD79F500578444 /* libTwoPhase.h in Headers */ = {isa = PBXBuildFile; fileRef = 05305C840BDD79F500578444 /* libTwoPhase.h */; };
		05305CDD0BDD9D1A00578444 /* StandardHeaders.h in Headers */ = {isa = PBXBuildFile; fileRef = 05305CDC0BDD9D1A00578444 /* StandardHeaders.h */; };
		05305DDC0BDDA3A900578444 /* libSANSAnalysis.a in CopyFiles */ = {isa = PBXBuildFile; fileRef = 05305C210BDD755300578444 /* libSANSAnalysis.a */; };
		05305DF60BDDA45000578444 /* libSANSAnalysis.a in Frameworks */ = {isa = PBXBuildFile; fileRef = 05305DF50BDDA45000578444 /* libSANSAnalysis.a */; };
		05305EF10BDDB5DD00578444 /* GaussWeights.h in Headers */ = {isa = PBXBuildFile; fileRef = 05305EF00BDDB5DD00578444 /* GaussWeights.h */; };
		05305F290BDDB81200578444 /* SANSAnalysis.xop in Copy Files */ = {isa = PBXBuildFile; fileRef = 8D01CCD20486CAD60068D4B7 /* SANSAnalysis.xop */; };
		0530610A0BDE78A200578444 /* libSANSAnalysis.h in Headers */ = {isa = PBXBuildFile; fileRef = 053061090BDE78A200578444 /* libSANSAnalysis.h */; };
		053062470BDE9DFF00578444 /* sphereform.c in Sources */ = {isa = PBXBuildFile; fileRef = 053062460BDE9DFF00578444 /* sphereform.c */; };
		053062480BDE9E1300578444 /* libSANSAnalysis.a in Frameworks */ = {isa = PBXBuildFile; fileRef = 05305DF50BDDA45000578444 /* libSANSAnalysis.a */; };
		0530624C0BDE9E4D00578444 /* sphereform in CopyFiles */ = {isa = PBXBuildFile; fileRef = 053062400BDE9DC800578444 /* sphereform */; };
		05B2EB5A0EE7096D0015ADA0 /* libXOPSupport.a in Frameworks */ = {isa = PBXBuildFile; fileRef = 05B2EB590EE7096D0015ADA0 /* libXOPSupport.a */; };
		05D47DF80BF2029500335CA7 /* Func2D.c in Sources */ = {isa = PBXBuildFile; fileRef = 05D47DF60BF2029500335CA7 /* Func2D.c */; };
		068F1E4E0D32C52D004052EB /* c_disperser.c in Sources */ = {isa = PBXBuildFile; fileRef = 068F1E440D32C52D004052EB /* c_disperser.c */; };
		068F1E4F0D32C52D004052EB /* disp_core_shell_cylinder.c in Sources */ = {isa = PBXBuildFile; fileRef = 068F1E450D32C52D004052EB /* disp_core_shell_cylinder.c */; };
		068F1E500D32C52D004052EB /* disp_cylinder.c in Sources */ = {isa = PBXBuildFile; fileRef = 068F1E460D32C52D004052EB /* disp_cylinder.c */; };
		068F1E510D32C52D004052EB /* disp_ellipsoid.c in Sources */ = {isa = PBXBuildFile; fileRef = 068F1E470D32C52D004052EB /* disp_ellipsoid.c */; };
		068F1E520D32C52D004052EB /* disp_elliptical_cylinder.c in Sources */ = {isa = PBXBuildFile; fileRef = 068F1E480D32C52D004052EB /* disp_elliptical_cylinder.c */; };
		068F1E530D32C52D004052EB /* erf.c in Sources */ = {isa = PBXBuildFile; fileRef = 068F1E490D32C52D004052EB /* erf.c */; };
		068F1E540D32C52D004052EB /* weighted_core_shell_cylinder.c in Sources */ = {isa = PBXBuildFile; fileRef = 068F1E4A0D32C52D004052EB /* weighted_core_shell_cylinder.c */; };
		068F1E550D32C52D004052EB /* weighted_cylinder.c in Sources */ = {isa = PBXBuildFile; fileRef = 068F1E4B0D32C52D004052EB /* weighted_cylinder.c */; };
		068F1E560D32C52D004052EB /* weighted_ellipsoid.c in Sources */ = {isa = PBXBuildFile; fileRef = 068F1E4C0D32C52D004052EB /* weighted_ellipsoid.c */; };
		068F1E570D32C52D004052EB /* weighted_elliptical_cylinder.c in Sources */ = {isa = PBXBuildFile; fileRef = 068F1E4D0D32C52D004052EB /* weighted_elliptical_cylinder.c */; };
		068F1EB00D3403A2004052EB /* core_shell.c in Sources */ = {isa = PBXBuildFile; fileRef = 068F1E9A0D3403A2004052EB /* core_shell.c */; };
		068F1EB10D3403A2004052EB /* core_shell.h in Headers */ = {isa = PBXBuildFile; fileRef = 068F1E9B0D3403A2004052EB /* core_shell.h */; };
		068F1EB20D3403A2004052EB /* core_shell_cylinder.c in Sources */ = {isa = PBXBuildFile; fileRef = 068F1E9C0D3403A2004052EB /* core_shell_cylinder.c */; };
		068F1EB30D3403A2004052EB /* core_shell_cylinder.h in Headers */ = {isa = PBXBuildFile; fileRef = 068F1E9D0D3403A2004052EB /* core_shell_cylinder.h */; };
		068F1EB50D3403A2004052EB /* cylinder.c in Sources */ = {isa = PBXBuildFile; fileRef = 068F1E9F0D3403A2004052EB /* cylinder.c */; };
		068F1EB60D3403A2004052EB /* cylinder.h in Headers */ = {isa = PBXBuildFile; fileRef = 068F1EA00D3403A2004052EB /* cylinder.h */; };
		068F1EB80D3403A2004052EB /* ellipsoid.c in Sources */ = {isa = PBXBuildFile; fileRef = 068F1EA20D3403A2004052EB /* ellipsoid.c */; };
		068F1EB90D3403A2004052EB /* ellipsoid.h in Headers */ = {isa = PBXBuildFile; fileRef = 068F1EA30D3403A2004052EB /* ellipsoid.h */; };
		068F1EBA0D3403A2004052EB /* elliptical_cylinder.c in Sources */ = {isa = PBXBuildFile; fileRef = 068F1EA40D3403A2004052EB /* elliptical_cylinder.c */; };
		068F1EBB0D3403A2004052EB /* elliptical_cylinder.h in Headers */ = {isa = PBXBuildFile; fileRef = 068F1EA50D3403A2004052EB /* elliptical_cylinder.h */; };
		068F1EBD0D3403A2004052EB /* sphere.c in Sources */ = {isa = PBXBuildFile; fileRef = 068F1EA70D3403A2004052EB /* sphere.c */; };
		068F1EBE0D3403A2004052EB /* sphere.h in Headers */ = {isa = PBXBuildFile; fileRef = 068F1EA80D3403A2004052EB /* sphere.h */; };
		068F1EC20D3403B0004052EB /* c_disperser.h in Headers */ = {isa = PBXBuildFile; fileRef = 068F1EC00D3403B0004052EB /* c_disperser.h */; };
		068F1EC30D3403B0004052EB /* danse.h in Headers */ = {isa = PBXBuildFile; fileRef = 068F1EC10D3403B0004052EB /* danse.h */; };
		8D01CCCA0486CAD60068D4B7 /* InfoPlist.strings in Resources */ = {isa = PBXBuildFile; fileRef = 089C167DFE841241C02AAC07 /* InfoPlist.strings */; };
		8D01CCCE0486CAD60068D4B7 /* Carbon.framework in Frameworks */ = {isa = PBXBuildFile; fileRef = 08EA7FFBFE8413EDC02AAC07 /* Carbon.framework */; };
/* End PBXBuildFile section */

/* Begin PBXCopyFilesBuildPhase section */
		05305DB30BDDA19400578444 /* CopyFiles */ = {
			isa = PBXCopyFilesBuildPhase;
			buildActionMask = 2147483647;
			dstPath = "${SRCROOT}/../lib/";
			dstSubfolderSpec = 0;
			files = (
				05305DDC0BDDA3A900578444 /* libSANSAnalysis.a in CopyFiles */,
			);
			runOnlyForDeploymentPostprocessing = 0;
		};
		05305F270BDDB7FD00578444 /* Copy Files */ = {
			isa = PBXCopyFilesBuildPhase;
			buildActionMask = 2147483647;
			dstPath = $SRCROOT/../XOP/;
			dstSubfolderSpec = 0;
			files = (
				05305F290BDDB81200578444 /* SANSAnalysis.xop in Copy Files */,
			);
			name = "Copy Files";
			runOnlyForDeploymentPostprocessing = 0;
		};
		053062490BDE9E2100578444 /* CopyFiles */ = {
			isa = PBXCopyFilesBuildPhase;
			buildActionMask = 2147483647;
			dstPath = "${SRCROOT}/../test/";
			dstSubfolderSpec = 0;
			files = (
				0530624C0BDE9E4D00578444 /* sphereform in CopyFiles */,
			);
			runOnlyForDeploymentPostprocessing = 0;
		};
/* End PBXCopyFilesBuildPhase section */

/* Begin PBXFileReference section */
		05305C210BDD755300578444 /* libSANSAnalysis.a */ = {isa = PBXFileReference; explicitFileType = archive.ar; includeInIndex = 0; path = libSANSAnalysis.a; sourceTree = BUILT_PRODUCTS_DIR; };
		05305C3B0BDD76E400578444 /* Cylinder.c */ = {isa = PBXFileReference; fileEncoding = 30; lastKnownFileType = sourcecode.c.c; name = Cylinder.c; path = ../XOP/Cylinder.c; sourceTree = SOURCE_ROOT; };
		05305C3C0BDD76E400578444 /* Cylinder.h */ = {isa = PBXFileReference; fileEncoding = 30; lastKnownFileType = sourcecode.c.h; name = Cylinder.h; path = ../XOP/Cylinder.h; sourceTree = SOURCE_ROOT; };
		05305C3D0BDD76E400578444 /* ResolutionSmearing.c */ = {isa = PBXFileReference; fileEncoding = 30; lastKnownFileType = sourcecode.c.c; name = ResolutionSmearing.c; path = ../XOP/ResolutionSmearing.c; sourceTree = SOURCE_ROOT; };
		05305C3E0BDD76E400578444 /* ResolutionSmearing.h */ = {isa = PBXFileReference; fileEncoding = 30; lastKnownFileType = sourcecode.c.h; name = ResolutionSmearing.h; path = ../XOP/ResolutionSmearing.h; sourceTree = SOURCE_ROOT; };
		05305C3F0BDD76E400578444 /* SANSAnalysis.c */ = {isa = PBXFileReference; fileEncoding = 30; lastKnownFileType = sourcecode.c.c; name = SANSAnalysis.c; path = ../XOP/SANSAnalysis.c; sourceTree = SOURCE_ROOT; };
		05305C400BDD76E400578444 /* SANSAnalysis.h */ = {isa = PBXFileReference; fileEncoding = 30; lastKnownFileType = sourcecode.c.h; name = SANSAnalysis.h; path = ../XOP/SANSAnalysis.h; sourceTree = SOURCE_ROOT; };
		05305C410BDD76E400578444 /* SANSAnalysis.r */ = {isa = PBXFileReference; fileEncoding = 30; lastKnownFileType = sourcecode.rez; name = SANSAnalysis.r; path = ../XOP/SANSAnalysis.r; sourceTree = SOURCE_ROOT; };
		05305C420BDD76E400578444 /* Sphere.c */ = {isa = PBXFileReference; fileEncoding = 30; lastKnownFileType = sourcecode.c.c; name = Sphere.c; path = ../XOP/Sphere.c; sourceTree = SOURCE_ROOT; };
		05305C430BDD76E400578444 /* Sphere.h */ = {isa = PBXFileReference; fileEncoding = 30; lastKnownFileType = sourcecode.c.h; name = Sphere.h; path = ../XOP/Sphere.h; sourceTree = SOURCE_ROOT; };
		05305C440BDD76E400578444 /* StructureFactor.c */ = {isa = PBXFileReference; fileEncoding = 30; lastKnownFileType = sourcecode.c.c; name = StructureFactor.c; path = ../XOP/StructureFactor.c; sourceTree = SOURCE_ROOT; };
		05305C450BDD76E400578444 /* StructureFactor.h */ = {isa = PBXFileReference; fileEncoding = 30; lastKnownFileType = sourcecode.c.h; name = StructureFactor.h; path = ../XOP/StructureFactor.h; sourceTree = SOURCE_ROOT; };
		05305C460BDD76E400578444 /* TwoPhase.c */ = {isa = PBXFileReference; fileEncoding = 30; lastKnownFileType = sourcecode.c.c; name = TwoPhase.c; path = ../XOP/TwoPhase.c; sourceTree = SOURCE_ROOT; };
		05305C470BDD76E400578444 /* TwoPhase.h */ = {isa = PBXFileReference; fileEncoding = 30; lastKnownFileType = sourcecode.c.h; name = TwoPhase.h; path = ../XOP/TwoPhase.h; sourceTree = SOURCE_ROOT; };
		05305C7D0BDD79F500578444 /* libCylinder.c */ = {isa = PBXFileReference; fileEncoding = 30; lastKnownFileType = sourcecode.c.c; name = libCylinder.c; path = ../lib/libCylinder.c; sourceTree = SOURCE_ROOT; };
		05305C7E0BDD79F500578444 /* libCylinder.h */ = {isa = PBXFileReference; fileEncoding = 30; lastKnownFileType = sourcecode.c.h; name = libCylinder.h; path = ../lib/libCylinder.h; sourceTree = SOURCE_ROOT; };
		05305C7F0BDD79F500578444 /* libSphere.c */ = {isa = PBXFileReference; fileEncoding = 30; lastKnownFileType = sourcecode.c.c; name = libSphere.c; path = ../lib/libSphere.c; sourceTree = SOURCE_ROOT; };
		05305C800BDD79F500578444 /* libSphere.h */ = {isa = PBXFileReference; fileEncoding = 30; lastKnownFileType = sourcecode.c.h; name = libSphere.h; path = ../lib/libSphere.h; sourceTree = SOURCE_ROOT; };
		05305C810BDD79F500578444 /* libStructureFactor.c */ = {isa = PBXFileReference; fileEncoding = 30; lastKnownFileType = sourcecode.c.c; name = libStructureFactor.c; path = ../lib/libStructureFactor.c; sourceTree = SOURCE_ROOT; };
		05305C820BDD79F500578444 /* libStructureFactor.h */ = {isa = PBXFileReference; fileEncoding = 30; lastKnownFileType = sourcecode.c.h; name = libStructureFactor.h; path = ../lib/libStructureFactor.h; sourceTree = SOURCE_ROOT; };
		05305C830BDD79F500578444 /* libTwoPhase.c */ = {isa = PBXFileReference; fileEncoding = 30; lastKnownFileType = sourcecode.c.c; name = libTwoPhase.c; path = ../lib/libTwoPhase.c; sourceTree = SOURCE_ROOT; };
		05305C840BDD79F500578444 /* libTwoPhase.h */ = {isa = PBXFileReference; fileEncoding = 30; lastKnownFileType = sourcecode.c.h; name = libTwoPhase.h; path = ../lib/libTwoPhase.h; sourceTree = SOURCE_ROOT; };
		05305CDC0BDD9D1A00578444 /* StandardHeaders.h */ = {isa = PBXFileReference; fileEncoding = 4; lastKnownFileType = sourcecode.c.h; name = StandardHeaders.h; path = ../lib/StandardHeaders.h; sourceTree = SOURCE_ROOT; };
		05305DF50BDDA45000578444 /* libSANSAnalysis.a */ = {isa = PBXFileReference; explicitFileType = archive.ar; name = libSANSAnalysis.a; path = ../lib/libSANSAnalysis.a; sourceTree = SOURCE_ROOT; };
		05305EF00BDDB5DD00578444 /* GaussWeights.h */ = {isa = PBXFileReference; fileEncoding = 30; lastKnownFileType = sourcecode.c.h; name = GaussWeights.h; path = ../lib/GaussWeights.h; sourceTree = SOURCE_ROOT; };
		053061090BDE78A200578444 /* libSANSAnalysis.h */ = {isa = PBXFileReference; fileEncoding = 4; lastKnownFileType = sourcecode.c.h; name = libSANSAnalysis.h; path = ../lib/libSANSAnalysis.h; sourceTree = SOURCE_ROOT; };
		053062400BDE9DC800578444 /* sphereform */ = {isa = PBXFileReference; explicitFileType = "compiled.mach-o.executable"; includeInIndex = 0; path = sphereform; sourceTree = BUILT_PRODUCTS_DIR; };
		053062460BDE9DFF00578444 /* sphereform.c */ = {isa = PBXFileReference; fileEncoding = 30; lastKnownFileType = sourcecode.c.c; name = sphereform.c; path = ../test/sphereform.c; sourceTree = SOURCE_ROOT; };
		058F35C70BDD341100D07487 /* libXOPSupport.a */ = {isa = PBXFileReference; lastKnownFileType = archive.ar; name = libXOPSupport.a; path = /Users/srkline/IGOR_Programming/XOP_Toolkit_5/IgorXOPs5/XOPSupport/Xcode/libXOPSupport.a; sourceTree = "<absolute>"; };
		05B2EB590EE7096D0015ADA0 /* libXOPSupport.a */ = {isa = PBXFileReference; lastKnownFileType = archive.ar; name = libXOPSupport.a; path = ../../../../../../IGOR/XOPSupport/Xcode/libXOPSupport.a; sourceTree = SOURCE_ROOT; };
		05D47DF60BF2029500335CA7 /* Func2D.c */ = {isa = PBXFileReference; fileEncoding = 4; lastKnownFileType = sourcecode.c.c; name = Func2D.c; path = ../XOP/Func2D.c; sourceTree = SOURCE_ROOT; };
		05D47EBF0BF20EF700335CA7 /* Func2D.h */ = {isa = PBXFileReference; fileEncoding = 30; lastKnownFileType = sourcecode.c.h; name = Func2D.h; path = ../XOP/Func2D.h; sourceTree = SOURCE_ROOT; };
		068F1E440D32C52D004052EB /* c_disperser.c */ = {isa = PBXFileReference; fileEncoding = 30; lastKnownFileType = sourcecode.c.c; path = c_disperser.c; sourceTree = "<group>"; };
		068F1E450D32C52D004052EB /* disp_core_shell_cylinder.c */ = {isa = PBXFileReference; fileEncoding = 30; lastKnownFileType = sourcecode.c.c; path = disp_core_shell_cylinder.c; sourceTree = "<group>"; };
		068F1E460D32C52D004052EB /* disp_cylinder.c */ = {isa = PBXFileReference; fileEncoding = 30; lastKnownFileType = sourcecode.c.c; path = disp_cylinder.c; sourceTree = "<group>"; };
		068F1E470D32C52D004052EB /* disp_ellipsoid.c */ = {isa = PBXFileReference; fileEncoding = 30; lastKnownFileType = sourcecode.c.c; path = disp_ellipsoid.c; sourceTree = "<group>"; };
		068F1E480D32C52D004052EB /* disp_elliptical_cylinder.c */ = {isa = PBXFileReference; fileEncoding = 30; lastKnownFileType = sourcecode.c.c; path = disp_elliptical_cylinder.c; sourceTree = "<group>"; };
		068F1E490D32C52D004052EB /* erf.c */ = {isa = PBXFileReference; fileEncoding = 30; lastKnownFileType = sourcecode.c.c; path = erf.c; sourceTree = "<group>"; };
		068F1E4A0D32C52D004052EB /* weighted_core_shell_cylinder.c */ = {isa = PBXFileReference; fileEncoding = 30; lastKnownFileType = sourcecode.c.c; path = weighted_core_shell_cylinder.c; sourceTree = "<group>"; };
		068F1E4B0D32C52D004052EB /* weighted_cylinder.c */ = {isa = PBXFileReference; fileEncoding = 30; lastKnownFileType = sourcecode.c.c; path = weighted_cylinder.c; sourceTree = "<group>"; };
		068F1E4C0D32C52D004052EB /* weighted_ellipsoid.c */ = {isa = PBXFileReference; fileEncoding = 30; lastKnownFileType = sourcecode.c.c; path = weighted_ellipsoid.c; sourceTree = "<group>"; };
		068F1E4D0D32C52D004052EB /* weighted_elliptical_cylinder.c */ = {isa = PBXFileReference; fileEncoding = 30; lastKnownFileType = sourcecode.c.c; path = weighted_elliptical_cylinder.c; sourceTree = "<group>"; };
		068F1E9A0D3403A2004052EB /* core_shell.c */ = {isa = PBXFileReference; fileEncoding = 30; lastKnownFileType = sourcecode.c.c; path = core_shell.c; sourceTree = "<group>"; };
		068F1E9B0D3403A2004052EB /* core_shell.h */ = {isa = PBXFileReference; fileEncoding = 30; lastKnownFileType = sourcecode.c.h; path = core_shell.h; sourceTree = "<group>"; };
		068F1E9C0D3403A2004052EB /* core_shell_cylinder.c */ = {isa = PBXFileReference; fileEncoding = 30; lastKnownFileType = sourcecode.c.c; path = core_shell_cylinder.c; sourceTree = "<group>"; };
		068F1E9D0D3403A2004052EB /* core_shell_cylinder.h */ = {isa = PBXFileReference; fileEncoding = 30; lastKnownFileType = sourcecode.c.h; path = core_shell_cylinder.h; sourceTree = "<group>"; };
		068F1E9F0D3403A2004052EB /* cylinder.c */ = {isa = PBXFileReference; fileEncoding = 30; lastKnownFileType = sourcecode.c.c; path = cylinder.c; sourceTree = "<group>"; };
		068F1EA00D3403A2004052EB /* cylinder.h */ = {isa = PBXFileReference; fileEncoding = 30; lastKnownFileType = sourcecode.c.h; path = cylinder.h; sourceTree = "<group>"; };
		068F1EA20D3403A2004052EB /* ellipsoid.c */ = {isa = PBXFileReference; fileEncoding = 30; lastKnownFileType = sourcecode.c.c; path = ellipsoid.c; sourceTree = "<group>"; };
		068F1EA30D3403A2004052EB /* ellipsoid.h */ = {isa = PBXFileReference; fileEncoding = 30; lastKnownFileType = sourcecode.c.h; path = ellipsoid.h; sourceTree = "<group>"; };
		068F1EA40D3403A2004052EB /* elliptical_cylinder.c */ = {isa = PBXFileReference; fileEncoding = 30; lastKnownFileType = sourcecode.c.c; path = elliptical_cylinder.c; sourceTree = "<group>"; };
		068F1EA50D3403A2004052EB /* elliptical_cylinder.h */ = {isa = PBXFileReference; fileEncoding = 30; lastKnownFileType = sourcecode.c.h; path = elliptical_cylinder.h; sourceTree = "<group>"; };
		068F1EA70D3403A2004052EB /* sphere.c */ = {isa = PBXFileReference; fileEncoding = 30; lastKnownFileType = sourcecode.c.c; path = sphere.c; sourceTree = "<group>"; };
		068F1EA80D3403A2004052EB /* sphere.h */ = {isa = PBXFileReference; fileEncoding = 30; lastKnownFileType = sourcecode.c.h; path = sphere.h; sourceTree = "<group>"; };
		068F1EC00D3403B0004052EB /* c_disperser.h */ = {isa = PBXFileReference; fileEncoding = 30; lastKnownFileType = sourcecode.c.h; path = c_disperser.h; sourceTree = "<group>"; };
		068F1EC10D3403B0004052EB /* danse.h */ = {isa = PBXFileReference; fileEncoding = 30; lastKnownFileType = sourcecode.c.h; path = danse.h; sourceTree = "<group>"; };
		089C167EFE841241C02AAC07 /* English */ = {isa = PBXFileReference; fileEncoding = 10; lastKnownFileType = text.plist.strings; name = English; path = English.lproj/InfoPlist.strings; sourceTree = "<group>"; };
		08EA7FFBFE8413EDC02AAC07 /* Carbon.framework */ = {isa = PBXFileReference; lastKnownFileType = wrapper.framework; name = Carbon.framework; path = /System/Library/Frameworks/Carbon.framework; sourceTree = "<absolute>"; };
		32BAE0B30371A71500C91783 /* SANSAnalysis_Prefix.pch */ = {isa = PBXFileReference; fileEncoding = 4; lastKnownFileType = sourcecode.c.h; path = SANSAnalysis_Prefix.pch; sourceTree = "<group>"; };
		8D01CCD10486CAD60068D4B7 /* Info.plist */ = {isa = PBXFileReference; fileEncoding = 4; lastKnownFileType = text.plist; path = Info.plist; sourceTree = "<group>"; };
		8D01CCD20486CAD60068D4B7 /* SANSAnalysis.xop */ = {isa = PBXFileReference; explicitFileType = wrapper.cfbundle; includeInIndex = 0; path = SANSAnalysis.xop; sourceTree = BUILT_PRODUCTS_DIR; };
/* End PBXFileReference section */

/* Begin PBXFrameworksBuildPhase section */
		0530623E0BDE9DC800578444 /* Frameworks */ = {
			isa = PBXFrameworksBuildPhase;
			buildActionMask = 2147483647;
			files = (
				053062480BDE9E1300578444 /* libSANSAnalysis.a in Frameworks */,
			);
			runOnlyForDeploymentPostprocessing = 0;
		};
		8D01CCCD0486CAD60068D4B7 /* Frameworks */ = {
			isa = PBXFrameworksBuildPhase;
			buildActionMask = 2147483647;
			files = (
				8D01CCCE0486CAD60068D4B7 /* Carbon.framework in Frameworks */,
				05305DF60BDDA45000578444 /* libSANSAnalysis.a in Frameworks */,
				05B2EB5A0EE7096D0015ADA0 /* libXOPSupport.a in Frameworks */,
			);
			runOnlyForDeploymentPostprocessing = 0;
		};
/* End PBXFrameworksBuildPhase section */

/* Begin PBXGroup section */
		068F1E430D32C52D004052EB /* igor_wrapper_src */ = {
			isa = PBXGroup;
			children = (
				068F1E440D32C52D004052EB /* c_disperser.c */,
				068F1E450D32C52D004052EB /* disp_core_shell_cylinder.c */,
				068F1E460D32C52D004052EB /* disp_cylinder.c */,
				068F1E470D32C52D004052EB /* disp_ellipsoid.c */,
				068F1E480D32C52D004052EB /* disp_elliptical_cylinder.c */,
				068F1E490D32C52D004052EB /* erf.c */,
				068F1E4A0D32C52D004052EB /* weighted_core_shell_cylinder.c */,
				068F1E4B0D32C52D004052EB /* weighted_cylinder.c */,
				068F1E4C0D32C52D004052EB /* weighted_ellipsoid.c */,
				068F1E4D0D32C52D004052EB /* weighted_elliptical_cylinder.c */,
			);
			name = igor_wrapper_src;
			path = ../lib/DANSE/igor_wrapper_src;
			sourceTree = SOURCE_ROOT;
		};
		068F1E920D3403A2004052EB /* c_extensions */ = {
			isa = PBXGroup;
			children = (
				068F1E9A0D3403A2004052EB /* core_shell.c */,
				068F1E9B0D3403A2004052EB /* core_shell.h */,
				068F1E9C0D3403A2004052EB /* core_shell_cylinder.c */,
				068F1E9D0D3403A2004052EB /* core_shell_cylinder.h */,
				068F1E9F0D3403A2004052EB /* cylinder.c */,
				068F1EA00D3403A2004052EB /* cylinder.h */,
				068F1EA20D3403A2004052EB /* ellipsoid.c */,
				068F1EA30D3403A2004052EB /* ellipsoid.h */,
				068F1EA40D3403A2004052EB /* elliptical_cylinder.c */,
				068F1EA50D3403A2004052EB /* elliptical_cylinder.h */,
				068F1EA70D3403A2004052EB /* sphere.c */,
				068F1EA80D3403A2004052EB /* sphere.h */,
			);
			name = c_extensions;
			path = ../lib/DANSE/c_extensions;
			sourceTree = SOURCE_ROOT;
		};
		068F1EBF0D3403B0004052EB /* include */ = {
			isa = PBXGroup;
			children = (
				068F1EC00D3403B0004052EB /* c_disperser.h */,
				068F1EC10D3403B0004052EB /* danse.h */,
			);
			name = include;
			path = ../lib/DANSE/include;
			sourceTree = SOURCE_ROOT;
		};
		06D661430D132F9D0025E5AA /* Source */ = {
			isa = PBXGroup;
			children = (
				06D661510D13309E0025E5AA /* testing */,
				06D6614E0D1330600025E5AA /* libDANSE */,
				06D6614B0D13303B0025E5AA /* libSANS */,
				05305C3B0BDD76E400578444 /* Cylinder.c */,
				05305C3C0BDD76E400578444 /* Cylinder.h */,
				05305C3D0BDD76E400578444 /* ResolutionSmearing.c */,
				05305C3E0BDD76E400578444 /* ResolutionSmearing.h */,
				05305C3F0BDD76E400578444 /* SANSAnalysis.c */,
				05305C400BDD76E400578444 /* SANSAnalysis.h */,
				05305C410BDD76E400578444 /* SANSAnalysis.r */,
				05305C420BDD76E400578444 /* Sphere.c */,
				05305C430BDD76E400578444 /* Sphere.h */,
				05305C440BDD76E400578444 /* StructureFactor.c */,
				05305C450BDD76E400578444 /* StructureFactor.h */,
				05305C460BDD76E400578444 /* TwoPhase.c */,
				05305C470BDD76E400578444 /* TwoPhase.h */,
				32BAE0B30371A71500C91783 /* SANSAnalysis_Prefix.pch */,
				05D47DF60BF2029500335CA7 /* Func2D.c */,
				05D47EBF0BF20EF700335CA7 /* Func2D.h */,
			);
			name = Source;
			sourceTree = "<group>";
		};
		06D6614B0D13303B0025E5AA /* libSANS */ = {
			isa = PBXGroup;
			children = (
				053061090BDE78A200578444 /* libSANSAnalysis.h */,
				05305EF00BDDB5DD00578444 /* GaussWeights.h */,
				05305CDC0BDD9D1A00578444 /* StandardHeaders.h */,
				05305C7D0BDD79F500578444 /* libCylinder.c */,
				05305C7E0BDD79F500578444 /* libCylinder.h */,
				05305C7F0BDD79F500578444 /* libSphere.c */,
				05305C800BDD79F500578444 /* libSphere.h */,
				05305C810BDD79F500578444 /* libStructureFactor.c */,
				05305C820BDD79F500578444 /* libStructureFactor.h */,
				05305C830BDD79F500578444 /* libTwoPhase.c */,
				05305C840BDD79F500578444 /* libTwoPhase.h */,
			);
			name = libSANS;
			sourceTree = "<group>";
		};
		06D6614E0D1330600025E5AA /* libDANSE */ = {
			isa = PBXGroup;
			children = (
				068F1EBF0D3403B0004052EB /* include */,
				068F1E920D3403A2004052EB /* c_extensions */,
				068F1E430D32C52D004052EB /* igor_wrapper_src */,
			);
			name = libDANSE;
			sourceTree = "<group>";
		};
		06D661510D13309E0025E5AA /* testing */ = {
			isa = PBXGroup;
			children = (
				053062460BDE9DFF00578444 /* sphereform.c */,
			);
			name = testing;
			sourceTree = "<group>";
		};
		089C166AFE841209C02AAC07 /* SANSAnalysis */ = {
			isa = PBXGroup;
			children = (
				05B2EB590EE7096D0015ADA0 /* libXOPSupport.a */,
				06D661430D132F9D0025E5AA /* Source */,
				089C167CFE841241C02AAC07 /* Resources */,
				089C1671FE841209C02AAC07 /* External Frameworks and Libraries */,
				19C28FB4FE9D528D11CA2CBB /* Products */,
			);
			name = SANSAnalysis;
			sourceTree = "<group>";
		};
		089C1671FE841209C02AAC07 /* External Frameworks and Libraries */ = {
			isa = PBXGroup;
			children = (
				05305DF50BDDA45000578444 /* libSANSAnalysis.a */,
				058F35C70BDD341100D07487 /* libXOPSupport.a */,
				08EA7FFBFE8413EDC02AAC07 /* Carbon.framework */,
			);
			name = "External Frameworks and Libraries";
			sourceTree = "<group>";
		};
		089C167CFE841241C02AAC07 /* Resources */ = {
			isa = PBXGroup;
			children = (
				8D01CCD10486CAD60068D4B7 /* Info.plist */,
				089C167DFE841241C02AAC07 /* InfoPlist.strings */,
			);
			name = Resources;
			sourceTree = "<group>";
		};
		19C28FB4FE9D528D11CA2CBB /* Products */ = {
			isa = PBXGroup;
			children = (
				8D01CCD20486CAD60068D4B7 /* SANSAnalysis.xop */,
				05305C210BDD755300578444 /* libSANSAnalysis.a */,
				053062400BDE9DC800578444 /* sphereform */,
			);
			name = Products;
			sourceTree = "<group>";
		};
/* End PBXGroup section */

/* Begin PBXHeadersBuildPhase section */
		05305C1D0BDD755300578444 /* Headers */ = {
			isa = PBXHeadersBuildPhase;
			buildActionMask = 2147483647;
			files = (
				05305C860BDD79F500578444 /* libCylinder.h in Headers */,
				05305C880BDD79F500578444 /* libSphere.h in Headers */,
				05305C8A0BDD79F500578444 /* libStructureFactor.h in Headers */,
				05305C8C0BDD79F500578444 /* libTwoPhase.h in Headers */,
				05305CDD0BDD9D1A00578444 /* StandardHeaders.h in Headers */,
				05305EF10BDDB5DD00578444 /* GaussWeights.h in Headers */,
				0530610A0BDE78A200578444 /* libSANSAnalysis.h in Headers */,
				068F1EB10D3403A2004052EB /* core_shell.h in Headers */,
				068F1EB30D3403A2004052EB /* core_shell_cylinder.h in Headers */,
				068F1EB60D3403A2004052EB /* cylinder.h in Headers */,
				068F1EB90D3403A2004052EB /* ellipsoid.h in Headers */,
				068F1EBB0D3403A2004052EB /* elliptical_cylinder.h in Headers */,
				068F1EBE0D3403A2004052EB /* sphere.h in Headers */,
				068F1EC20D3403B0004052EB /* c_disperser.h in Headers */,
				068F1EC30D3403B0004052EB /* danse.h in Headers */,
			);
			runOnlyForDeploymentPostprocessing = 0;
		};
/* End PBXHeadersBuildPhase section */

/* Begin PBXNativeTarget section */
		05305C200BDD755300578444 /* libSANSAnalysis */ = {
			isa = PBXNativeTarget;
			buildConfigurationList = 05305C220BDD759800578444 /* Build configuration list for PBXNativeTarget "libSANSAnalysis" */;
			buildPhases = (
				05305C1D0BDD755300578444 /* Headers */,
				05305C1E0BDD755300578444 /* Sources */,
				05305DB30BDDA19400578444 /* CopyFiles */,
			);
			buildRules = (
			);
			dependencies = (
			);
			name = libSANSAnalysis;
			productName = libSANSAnalysis;
			productReference = 05305C210BDD755300578444 /* libSANSAnalysis.a */;
			productType = "com.apple.product-type.library.static";
		};
		0530623F0BDE9DC800578444 /* sphereform */ = {
			isa = PBXNativeTarget;
			buildConfigurationList = 053062420BDE9DFC00578444 /* Build configuration list for PBXNativeTarget "sphereform" */;
			buildPhases = (
				0530623D0BDE9DC800578444 /* Sources */,
				0530623E0BDE9DC800578444 /* Frameworks */,
				053062490BDE9E2100578444 /* CopyFiles */,
			);
			buildRules = (
			);
			dependencies = (
			);
			name = sphereform;
			productName = sphereform;
			productReference = 053062400BDE9DC800578444 /* sphereform */;
			productType = "com.apple.product-type.tool";
		};
		8D01CCC60486CAD60068D4B7 /* SANSAnalysis */ = {
			isa = PBXNativeTarget;
			buildConfigurationList = 4FADC23308B4156C00ABE55E /* Build configuration list for PBXNativeTarget "SANSAnalysis" */;
			buildPhases = (
				8D01CCC90486CAD60068D4B7 /* Resources */,
				8D01CCCB0486CAD60068D4B7 /* Sources */,
				8D01CCCD0486CAD60068D4B7 /* Frameworks */,
				058F35C90BDD344700D07487 /* Rez */,
				05305F270BDDB7FD00578444 /* Copy Files */,
			);
			buildRules = (
			);
			dependencies = (
			);
			name = SANSAnalysis;
			productInstallPath = "$(HOME)/Library/Bundles";
			productName = SANSAnalysis;
			productReference = 8D01CCD20486CAD60068D4B7 /* SANSAnalysis.xop */;
			productType = "com.apple.product-type.bundle";
		};
/* End PBXNativeTarget section */

/* Begin PBXProject section */
		089C1669FE841209C02AAC07 /* Project object */ = {
			isa = PBXProject;
			buildConfigurationList = 4FADC23708B4156C00ABE55E /* Build configuration list for PBXProject "SANSAnalysis" */;
			compatibilityVersion = "Xcode 2.4";
			hasScannedForEncodings = 1;
			mainGroup = 089C166AFE841209C02AAC07 /* SANSAnalysis */;
			projectDirPath = "";
			projectRoot = "";
			targets = (
				8D01CCC60486CAD60068D4B7 /* SANSAnalysis */,
				05305C200BDD755300578444 /* libSANSAnalysis */,
				0530623F0BDE9DC800578444 /* sphereform */,
			);
		};
/* End PBXProject section */

/* Begin PBXResourcesBuildPhase section */
		8D01CCC90486CAD60068D4B7 /* Resources */ = {
			isa = PBXResourcesBuildPhase;
			buildActionMask = 2147483647;
			files = (
				8D01CCCA0486CAD60068D4B7 /* InfoPlist.strings in Resources */,
			);
			runOnlyForDeploymentPostprocessing = 0;
		};
/* End PBXResourcesBuildPhase section */

/* Begin PBXRezBuildPhase section */
		058F35C90BDD344700D07487 /* Rez */ = {
			isa = PBXRezBuildPhase;
			buildActionMask = 2147483647;
			files = (
				05305C4B0BDD76E400578444 /* SANSAnalysis.r in Rez */,
			);
			runOnlyForDeploymentPostprocessing = 0;
		};
/* End PBXRezBuildPhase section */

/* Begin PBXSourcesBuildPhase section */
		05305C1E0BDD755300578444 /* Sources */ = {
			isa = PBXSourcesBuildPhase;
			buildActionMask = 2147483647;
			files = (
				05305C850BDD79F500578444 /* libCylinder.c in Sources */,
				05305C870BDD79F500578444 /* libSphere.c in Sources */,
				05305C890BDD79F500578444 /* libStructureFactor.c in Sources */,
				05305C8B0BDD79F500578444 /* libTwoPhase.c in Sources */,
				068F1E4E0D32C52D004052EB /* c_disperser.c in Sources */,
				068F1E4F0D32C52D004052EB /* disp_core_shell_cylinder.c in Sources */,
				068F1E500D32C52D004052EB /* disp_cylinder.c in Sources */,
				068F1E510D32C52D004052EB /* disp_ellipsoid.c in Sources */,
				068F1E520D32C52D004052EB /* disp_elliptical_cylinder.c in Sources */,
				068F1E530D32C52D004052EB /* erf.c in Sources */,
				068F1E540D32C52D004052EB /* weighted_core_shell_cylinder.c in Sources */,
				068F1E550D32C52D004052EB /* weighted_cylinder.c in Sources */,
				068F1E560D32C52D004052EB /* weighted_ellipsoid.c in Sources */,
				068F1E570D32C52D004052EB /* weighted_elliptical_cylinder.c in Sources */,
				068F1EB00D3403A2004052EB /* core_shell.c in Sources */,
				068F1EB20D3403A2004052EB /* core_shell_cylinder.c in Sources */,
				068F1EB50D3403A2004052EB /* cylinder.c in Sources */,
				068F1EB80D3403A2004052EB /* ellipsoid.c in Sources */,
				068F1EBA0D3403A2004052EB /* elliptical_cylinder.c in Sources */,
				068F1EBD0D3403A2004052EB /* sphere.c in Sources */,
			);
			runOnlyForDeploymentPostprocessing = 0;
		};
		0530623D0BDE9DC800578444 /* Sources */ = {
			isa = PBXSourcesBuildPhase;
			buildActionMask = 2147483647;
			files = (
				053062470BDE9DFF00578444 /* sphereform.c in Sources */,
			);
			runOnlyForDeploymentPostprocessing = 0;
		};
		8D01CCCB0486CAD60068D4B7 /* Sources */ = {
			isa = PBXSourcesBuildPhase;
			buildActionMask = 2147483647;
			files = (
				05305C480BDD76E400578444 /* Cylinder.c in Sources */,
				05305C490BDD76E400578444 /* ResolutionSmearing.c in Sources */,
				05305C4A0BDD76E400578444 /* SANSAnalysis.c in Sources */,
				05305C4C0BDD76E400578444 /* Sphere.c in Sources */,
				05305C4D0BDD76E400578444 /* StructureFactor.c in Sources */,
				05305C4E0BDD76E400578444 /* TwoPhase.c in Sources */,
				05D47DF80BF2029500335CA7 /* Func2D.c in Sources */,
			);
			runOnlyForDeploymentPostprocessing = 0;
		};
/* End PBXSourcesBuildPhase section */

/* Begin PBXVariantGroup section */
		089C167DFE841241C02AAC07 /* InfoPlist.strings */ = {
			isa = PBXVariantGroup;
			children = (
				089C167EFE841241C02AAC07 /* English */,
			);
			name = InfoPlist.strings;
			sourceTree = "<group>";
		};
/* End PBXVariantGroup section */

/* Begin XCBuildConfiguration section */
		05305C230BDD759800578444 /* Debug */ = {
			isa = XCBuildConfiguration;
			buildSettings = {
				COPY_PHASE_STRIP = NO;
				GCC_DYNAMIC_NO_PIC = NO;
				GCC_ENABLE_FIX_AND_CONTINUE = YES;
				GCC_GENERATE_DEBUGGING_SYMBOLS = YES;
				GCC_MODEL_TUNING = G5;
				GCC_OPTIMIZATION_LEVEL = 0;
				HEADER_SEARCH_PATHS = "";
				INSTALL_PATH = /usr/local/lib;
				PREBINDING = NO;
				PRODUCT_NAME = libSANSAnalysis;
				USER_HEADER_SEARCH_PATHS = "/Users/srkline/IGOR_Programming/XOP_Toolkit_5/IgorXOPs5/XOPSupport  ../lib/DANSE/";
				ZERO_LINK = YES;
			};
			name = Debug;
		};
		05305C240BDD759800578444 /* Release - Universal */ = {
			isa = XCBuildConfiguration;
			buildSettings = {
				ARCHS = (
					i386,
					ppc,
				);
				EXECUTABLE_PREFIX = "";
				GCC_ENABLE_FIX_AND_CONTINUE = YES;
				GCC_MODEL_TUNING = G5;
				HEADER_SEARCH_PATHS = "";
				INSTALL_PATH = /usr/local/lib;
				PREBINDING = NO;
				PRODUCT_NAME = libSANSAnalysis;
				USER_HEADER_SEARCH_PATHS = "/Users/srkline/IGOR_Programming/XOP_Toolkit_5/IgorXOPs5/XOPSupport  ../lib/DANSE/";
				ZERO_LINK = NO;
			};
			name = "Release - Universal";
		};
		05305C250BDD759800578444 /* Release - PPC */ = {
			isa = XCBuildConfiguration;
			buildSettings = {
				ARCHS = ppc;
				EXECUTABLE_PREFIX = "";
				GCC_ENABLE_FIX_AND_CONTINUE = YES;
				GCC_MODEL_TUNING = G5;
				HEADER_SEARCH_PATHS = "";
				INSTALL_PATH = /usr/local/lib;
				PREBINDING = NO;
				PRODUCT_NAME = libSANSAnalysis;
				USER_HEADER_SEARCH_PATHS = "/Users/srkline/IGOR_Programming/XOP_Toolkit_5/IgorXOPs5/XOPSupport  ../lib/DANSE/";
				ZERO_LINK = NO;
			};
			name = "Release - PPC";
		};
		053062430BDE9DFC00578444 /* Debug */ = {
			isa = XCBuildConfiguration;
			buildSettings = {
				COPY_PHASE_STRIP = NO;
				GCC_DYNAMIC_NO_PIC = NO;
				GCC_ENABLE_FIX_AND_CONTINUE = YES;
				GCC_GENERATE_DEBUGGING_SYMBOLS = YES;
				GCC_MODEL_TUNING = G5;
				GCC_OPTIMIZATION_LEVEL = 0;
				INSTALL_PATH = "$(HOME)/bin";
				LIBRARY_SEARCH_PATHS = (
					"$(inherited)",
					"$(LIBRARY_SEARCH_PATHS_QUOTED_1)",
				);
				LIBRARY_SEARCH_PATHS_QUOTED_1 = "\"$(SRCROOT)/../lib\"";
				PREBINDING = NO;
				PRODUCT_NAME = sphereform;
				ZERO_LINK = YES;
			};
			name = Debug;
		};
		053062440BDE9DFC00578444 /* Release - Universal */ = {
			isa = XCBuildConfiguration;
			buildSettings = {
				ARCHS = (
					i386,
					ppc,
				);
				GCC_ENABLE_FIX_AND_CONTINUE = YES;
				GCC_MODEL_TUNING = G5;
				INSTALL_PATH = "$(HOME)/bin";
				LIBRARY_SEARCH_PATHS = (
					"$(inherited)",
					"$(LIBRARY_SEARCH_PATHS_QUOTED_1)",
				);
				LIBRARY_SEARCH_PATHS_QUOTED_1 = "\"$(SRCROOT)/../lib\"";
				PREBINDING = NO;
				PRODUCT_NAME = sphereform;
				ZERO_LINK = NO;
			};
			name = "Release - Universal";
		};
		053062450BDE9DFC00578444 /* Release - PPC */ = {
			isa = XCBuildConfiguration;
			buildSettings = {
				GCC_ENABLE_FIX_AND_CONTINUE = YES;
				GCC_MODEL_TUNING = G5;
				INSTALL_PATH = "$(HOME)/bin";
				LIBRARY_SEARCH_PATHS = (
					"$(inherited)",
					"$(LIBRARY_SEARCH_PATHS_QUOTED_1)",
				);
				LIBRARY_SEARCH_PATHS_QUOTED_1 = "\"$(SRCROOT)/../lib\"";
				PREBINDING = NO;
				PRODUCT_NAME = sphereform;
				ZERO_LINK = YES;
			};
			name = "Release - PPC";
		};
		058F37850BDD631000D07487 /* Release - PPC */ = {
			isa = XCBuildConfiguration;
			buildSettings = {
				ARCHS = (
					i386,
					ppc,
				);
				EXPORTED_SYMBOLS_FILE = ./Exports.exp;
				GCC_GENERATE_DEBUGGING_SYMBOLS = NO;
				GCC_MODEL_TUNING = G5;
				GCC_PRECOMPILE_PREFIX_HEADER = YES;
				GCC_PREFIX_HEADER = SANSAnalysis_Prefix.pch;
				HEADER_SEARCH_PATHS = "${inherited}";
				INFOPLIST_FILE = Info.plist;
				INSTALL_PATH = "$(HOME)/Library/Bundles";
				LIBRARY_SEARCH_PATHS = "$(inherited)";
				OTHER_REZFLAGS = "-d TARGET_RT_MAC_MACHO";
				PRODUCT_NAME = SANSAnalysis;
				REZ_SEARCH_PATHS = "$(inherited)";
				WRAPPER_EXTENSION = xop;
				ZERO_LINK = NO;
			};
			name = "Release - PPC";
		};
		058F37860BDD631000D07487 /* Release - PPC */ = {
			isa = XCBuildConfiguration;
			buildSettings = {
				ARCHS = "$(ARCHS_STANDARD_32_BIT_PRE_XCODE_3_1)";
				ARCHS_STANDARD_32_BIT_PRE_XCODE_3_1 = "ppc i386";
				GCC_MODEL_TUNING = G5;
				GCC_WARN_ABOUT_RETURN_TYPE = YES;
				GCC_WARN_UNUSED_VARIABLE = YES;
				LIBRARY_SEARCH_PATHS = /Users/ajj/Documents/Work/Devel/IGOR/XOPSupport/Xcode;
				OTHER_REZFLAGS = "-i /Users/ajj/Documents/Work/Devel/IGOR/XOPSupport -d TARGET_RT_MAC_MACHO";
				PREBINDING = NO;
				REZ_SEARCH_PATHS = /Users/ajj/Documents/Work/Devel/IGOR/XOPSupport;
				SDKROOT = /Developer/SDKs/MacOSX10.4u.sdk;
				USER_HEADER_SEARCH_PATHS = /Users/ajj/Documents/Work/Devel/IGOR/XOPSupport;
			};
			name = "Release - PPC";
		};
		4FADC23408B4156C00ABE55E /* Debug */ = {
			isa = XCBuildConfiguration;
			buildSettings = {
				ARCHS = (
					i386,
					ppc,
				);
				COPY_PHASE_STRIP = NO;
				EXPORTED_SYMBOLS_FILE = ./Exports.exp;
				GCC_DYNAMIC_NO_PIC = NO;
				GCC_ENABLE_FIX_AND_CONTINUE = YES;
				GCC_MODEL_TUNING = G5;
				GCC_OPTIMIZATION_LEVEL = 0;
				GCC_PRECOMPILE_PREFIX_HEADER = YES;
				GCC_PREFIX_HEADER = SANSAnalysis_Prefix.pch;
				HEADER_SEARCH_PATHS = "${inherited}";
				INFOPLIST_FILE = Info.plist;
				INSTALL_PATH = "$(HOME)/Library/Bundles";
				LIBRARY_SEARCH_PATHS = "$(inherited)";
				OTHER_REZFLAGS = "-i ${SRCROOT}/../../XOPSupport -d TARGET_RT_MAC_MACHO";
				PRODUCT_NAME = SANSAnalysis;
				REZ_SEARCH_PATHS = "$(inherited)";
				WRAPPER_EXTENSION = xop;
				ZERO_LINK = NO;
			};
			name = Debug;
		};
		4FADC23508B4156C00ABE55E /* Release - Universal */ = {
			isa = XCBuildConfiguration;
			buildSettings = {
				ARCHS = (
					i386,
					ppc,
				);
				EXPORTED_SYMBOLS_FILE = ./Exports.exp;
				GCC_GENERATE_DEBUGGING_SYMBOLS = NO;
				GCC_MODEL_TUNING = G5;
				GCC_PRECOMPILE_PREFIX_HEADER = YES;
				GCC_PREFIX_HEADER = SANSAnalysis_Prefix.pch;
				INFOPLIST_FILE = Info.plist;
				INSTALL_PATH = "$(HOME)/Library/Bundles";
				LIBRARY_SEARCH_PATHS = "$(inherited)";
				OTHER_REZFLAGS = " -d TARGET_RT_MAC_MACHO";
				PRODUCT_NAME = SANSAnalysis;
				REZ_SEARCH_PATHS = "$(inherited)";
				WRAPPER_EXTENSION = xop;
				ZERO_LINK = NO;
			};
			name = "Release - Universal";
		};
		4FADC23808B4156C00ABE55E /* Debug */ = {
			isa = XCBuildConfiguration;
			buildSettings = {
				ARCHS = "$(ARCHS_STANDARD_32_BIT_PRE_XCODE_3_1)";
				ARCHS_STANDARD_32_BIT_PRE_XCODE_3_1 = "ppc i386";
				GCC_MODEL_TUNING = G5;
				GCC_WARN_ABOUT_RETURN_TYPE = YES;
				GCC_WARN_UNUSED_VARIABLE = YES;
				LIBRARY_SEARCH_PATHS = /Users/ajj/Documents/Work/Devel/IGOR/XOPSupport/Xcode;
				OTHER_REZFLAGS = "-i /Users/ajj/Documents/Work/Devel/IGOR/XOPSupport -d TARGET_RT_MAC_MACHO";
				PREBINDING = NO;
				REZ_SEARCH_PATHS = /Users/ajj/Documents/Work/Devel/IGOR/XOPSupport;
				SDKROOT = /Developer/SDKs/MacOSX10.4u.sdk;
				USER_HEADER_SEARCH_PATHS = /Users/ajj/Documents/Work/Devel/IGOR/XOPSupport;
			};
			name = Debug;
		};
		4FADC23908B4156C00ABE55E /* Release - Universal */ = {
			isa = XCBuildConfiguration;
			buildSettings = {
				ARCHS = "$(ARCHS_STANDARD_32_BIT_PRE_XCODE_3_1)";
				ARCHS_STANDARD_32_BIT_PRE_XCODE_3_1 = "ppc i386";
				GCC_MODEL_TUNING = G5;
				GCC_WARN_ABOUT_RETURN_TYPE = YES;
				GCC_WARN_UNUSED_VARIABLE = YES;
				LIBRARY_SEARCH_PATHS = /Users/ajj/Documents/Work/Devel/IGOR/XOPSupport/Xcode;
				OTHER_REZFLAGS = "-i /Users/ajj/Documents/Work/Devel/IGOR/XOPSupport -d TARGET_RT_MAC_MACHO";
				PREBINDING = NO;
				REZ_SEARCH_PATHS = /Users/ajj/Documents/Work/Devel/IGOR/XOPSupport;
				SDKROOT = /Developer/SDKs/MacOSX10.4u.sdk;
				USER_HEADER_SEARCH_PATHS = /Users/ajj/Documents/Work/Devel/IGOR/XOPSupport;
			};
			name = "Release - Universal";
		};
/* End XCBuildConfiguration section */

/* Begin XCConfigurationList section */
		05305C220BDD759800578444 /* Build configuration list for PBXNativeTarget "libSANSAnalysis" */ = {
			isa = XCConfigurationList;
			buildConfigurations = (
				05305C230BDD759800578444 /* Debug */,
				05305C240BDD759800578444 /* Release - Universal */,
				05305C250BDD759800578444 /* Release - PPC */,
			);
			defaultConfigurationIsVisible = 0;
			defaultConfigurationName = "Release - Universal";
		};
		053062420BDE9DFC00578444 /* Build configuration list for PBXNativeTarget "sphereform" */ = {
			isa = XCConfigurationList;
			buildConfigurations = (
				053062430BDE9DFC00578444 /* Debug */,
				053062440BDE9DFC00578444 /* Release - Universal */,
				053062450BDE9DFC00578444 /* Release - PPC */,
			);
			defaultConfigurationIsVisible = 0;
			defaultConfigurationName = "Release - Universal";
		};
		4FADC23308B4156C00ABE55E /* Build configuration list for PBXNativeTarget "SANSAnalysis" */ = {
			isa = XCConfigurationList;
			buildConfigurations = (
				4FADC23408B4156C00ABE55E /* Debug */,
				4FADC23508B4156C00ABE55E /* Release - Universal */,
				058F37850BDD631000D07487 /* Release - PPC */,
			);
			defaultConfigurationIsVisible = 0;
			defaultConfigurationName = "Release - Universal";
		};
		4FADC23708B4156C00ABE55E /* Build configuration list for PBXProject "SANSAnalysis" */ = {
			isa = XCConfigurationList;
			buildConfigurations = (
				4FADC23808B4156C00ABE55E /* Debug */,
				4FADC23908B4156C00ABE55E /* Release - Universal */,
				058F37860BDD631000D07487 /* Release - PPC */,
			);
			defaultConfigurationIsVisible = 0;
			defaultConfigurationName = "Release - Universal";
		};
/* End XCConfigurationList section */
	};
	rootObject = 089C1669FE841209C02AAC07 /* Project object */;
}
